// !$*UTF8*$!
{
	archiveVersion = 1;
	classes = {
	};
	objectVersion = 77;
	objects = {

/* Begin PBXContainerItemProxy section */
		EBEC71562F171E32002C49C8 /* PBXContainerItemProxy */ = {
			isa = PBXContainerItemProxy;
			containerPortal = EBEC713F2F171E2C002C49C8 /* Project object */;
			proxyType = 1;
			remoteGlobalIDString = EBEC71462F171E2D002C49C8;
			remoteInfo = pinnote;
		};
		EBEC71602F171E32002C49C8 /* PBXContainerItemProxy */ = {
			isa = PBXContainerItemProxy;
			containerPortal = EBEC713F2F171E2C002C49C8 /* Project object */;
			proxyType = 1;
			remoteGlobalIDString = EBEC71462F171E2D002C49C8;
			remoteInfo = pinnote;
		};
/* End PBXContainerItemProxy section */

/* Begin PBXFileReference section */
		EBEC71472F171E2D002C49C8 /* pinnote.app */ = {isa = PBXFileReference; explicitFileType = wrapper.application; includeInIndex = 0; path = pinnote.app; sourceTree = BUILT_PRODUCTS_DIR; };
		EBEC71552F171E32002C49C8 /* pinnoteTests.xctest */ = {isa = PBXFileReference; explicitFileType = wrapper.cfbundle; includeInIndex = 0; path = pinnoteTests.xctest; sourceTree = BUILT_PRODUCTS_DIR; };
		EBEC715F2F171E32002C49C8 /* pinnoteUITests.xctest */ = {isa = PBXFileReference; explicitFileType = wrapper.cfbundle; includeInIndex = 0; path = pinnoteUITests.xctest; sourceTree = BUILT_PRODUCTS_DIR; };
/* End PBXFileReference section */

/* Begin PBXFileSystemSynchronizedRootGroup section */
		EBEC71492F171E2D002C49C8 /* pinnote */ = {
			isa = PBXFileSystemSynchronizedRootGroup;
			path = pinnote;
			sourceTree = "<group>";
		};
		EBEC71582F171E32002C49C8 /* pinnoteTests */ = {
			isa = PBXFileSystemSynchronizedRootGroup;
			path = pinnoteTests;
			sourceTree = "<group>";
		};
		EBEC71622F171E32002C49C8 /* pinnoteUITests */ = {
			isa = PBXFileSystemSynchronizedRootGroup;
			path = pinnoteUITests;
			sourceTree = "<group>";
		};
/* End PBXFileSystemSynchronizedRootGroup section */

/* Begin PBXFrameworksBuildPhase section */
		EBEC71442F171E2D002C49C8 /* Frameworks */ = {
			isa = PBXFrameworksBuildPhase;
			buildActionMask = 2147483647;
			files = (
			);
			runOnlyForDeploymentPostprocessing = 0;
		};
		EBEC71522F171E32002C49C8 /* Frameworks */ = {
			isa = PBXFrameworksBuildPhase;
			buildActionMask = 2147483647;
			files = (
			);
			runOnlyForDeploymentPostprocessing = 0;
		};
		EBEC715C2F171E32002C49C8 /* Frameworks */ = {
			isa = PBXFrameworksBuildPhase;
			buildActionMask = 2147483647;
			files = (
			);
			runOnlyForDeploymentPostprocessing = 0;
		};
/* End PBXFrameworksBuildPhase section */

/* Begin PBXGroup section */
		EBEC713E2F171E2C002C49C8 = {
			isa = PBXGroup;
			children = (
				EBEC71492F171E2D002C49C8 /* pinnote */,
				EBEC71582F171E32002C49C8 /* pinnoteTests */,
				EBEC71622F171E32002C49C8 /* pinnoteUITests */,
				EBEC71482F171E2D002C49C8 /* Products */,
			);
			sourceTree = "<group>";
		};
		EBEC71482F171E2D002C49C8 /* Products */ = {
			isa = PBXGroup;
			children = (
				EBEC71472F171E2D002C49C8 /* pinnote.app */,
				EBEC71552F171E32002C49C8 /* pinnoteTests.xctest */,
				EBEC715F2F171E32002C49C8 /* pinnoteUITests.xctest */,
			);
			name = Products;
			sourceTree = "<group>";
		};
/* End PBXGroup section */

/* Begin PBXNativeTarget section */
		EBEC71462F171E2D002C49C8 /* pinnote */ = {
			isa = PBXNativeTarget;
			buildConfigurationList = EBEC71692F171E32002C49C8 /* Build configuration list for PBXNativeTarget "pinnote" */;
			buildPhases = (
				EBEC71432F171E2D002C49C8 /* Sources */,
				EBEC71442F171E2D002C49C8 /* Frameworks */,
				EBEC71452F171E2D002C49C8 /* Resources */,
			);
			buildRules = (
			);
			dependencies = (
			);
			fileSystemSynchronizedGroups = (
				EBEC71492F171E2D002C49C8 /* pinnote */,
			);
			name = pinnote;
			packageProductDependencies = (
			);
			productName = pinnote;
			productReference = EBEC71472F171E2D002C49C8 /* pinnote.app */;
			productType = "com.apple.product-type.application";
		};
		EBEC71542F171E32002C49C8 /* pinnoteTests */ = {
			isa = PBXNativeTarget;
			buildConfigurationList = EBEC716C2F171E32002C49C8 /* Build configuration list for PBXNativeTarget "pinnoteTests" */;
			buildPhases = (
				EBEC71512F171E32002C49C8 /* Sources */,
				EBEC71522F171E32002C49C8 /* Frameworks */,
				EBEC71532F171E32002C49C8 /* Resources */,
			);
			buildRules = (
			);
			dependencies = (
				EBEC71572F171E32002C49C8 /* PBXTargetDependency */,
			);
			fileSystemSynchronizedGroups = (
				EBEC71582F171E32002C49C8 /* pinnoteTests */,
			);
			name = pinnoteTests;
			packageProductDependencies = (
			);
			productName = pinnoteTests;
			productReference = EBEC71552F171E32002C49C8 /* pinnoteTests.xctest */;
			productType = "com.apple.product-type.bundle.unit-test";
		};
		EBEC715E2F171E32002C49C8 /* pinnoteUITests */ = {
			isa = PBXNativeTarget;
			buildConfigurationList = EBEC716F2F171E32002C49C8 /* Build configuration list for PBXNativeTarget "pinnoteUITests" */;
			buildPhases = (
				EBEC715B2F171E32002C49C8 /* Sources */,
				EBEC715C2F171E32002C49C8 /* Frameworks */,
				EBEC715D2F171E32002C49C8 /* Resources */,
			);
			buildRules = (
			);
			dependencies = (
				EBEC71612F171E32002C49C8 /* PBXTargetDependency */,
			);
			fileSystemSynchronizedGroups = (
				EBEC71622F171E32002C49C8 /* pinnoteUITests */,
			);
			name = pinnoteUITests;
			packageProductDependencies = (
			);
			productName = pinnoteUITests;
			productReference = EBEC715F2F171E32002C49C8 /* pinnoteUITests.xctest */;
			productType = "com.apple.product-type.bundle.ui-testing";
		};
/* End PBXNativeTarget section */

/* Begin PBXProject section */
		EBEC713F2F171E2C002C49C8 /* Project object */ = {
			isa = PBXProject;
			attributes = {
				BuildIndependentTargetsInParallel = 1;
				LastSwiftUpdateCheck = 1630;
				LastUpgradeCheck = 1630;
				TargetAttributes = {
					EBEC71462F171E2D002C49C8 = {
						CreatedOnToolsVersion = 16.3;
					};
					EBEC71542F171E32002C49C8 = {
						CreatedOnToolsVersion = 16.3;
						TestTargetID = EBEC71462F171E2D002C49C8;
					};
					EBEC715E2F171E32002C49C8 = {
						CreatedOnToolsVersion = 16.3;
						TestTargetID = EBEC71462F171E2D002C49C8;
					};
				};
			};
			buildConfigurationList = EBEC71422F171E2C002C49C8 /* Build configuration list for PBXProject "pinnote" */;
			developmentRegion = en;
			hasScannedForEncodings = 0;
			knownRegions = (
				en,
				Base,
			);
			mainGroup = EBEC713E2F171E2C002C49C8;
			minimizedProjectReferenceProxies = 1;
			preferredProjectObjectVersion = 77;
			productRefGroup = EBEC71482F171E2D002C49C8 /* Products */;
			projectDirPath = "";
			projectRoot = "";
			targets = (
				EBEC71462F171E2D002C49C8 /* pinnote */,
				EBEC71542F171E32002C49C8 /* pinnoteTests */,
				EBEC715E2F171E32002C49C8 /* pinnoteUITests */,
			);
		};
/* End PBXProject section */

/* Begin PBXResourcesBuildPhase section */
		EBEC71452F171E2D002C49C8 /* Resources */ = {
			isa = PBXResourcesBuildPhase;
			buildActionMask = 2147483647;
			files = (
			);
			runOnlyForDeploymentPostprocessing = 0;
		};
		EBEC71532F171E32002C49C8 /* Resources */ = {
			isa = PBXResourcesBuildPhase;
			buildActionMask = 2147483647;
			files = (
			);
			runOnlyForDeploymentPostprocessing = 0;
		};
		EBEC715D2F171E32002C49C8 /* Resources */ = {
			isa = PBXResourcesBuildPhase;
			buildActionMask = 2147483647;
			files = (
			);
			runOnlyForDeploymentPostprocessing = 0;
		};
/* End PBXResourcesBuildPhase section */

/* Begin PBXSourcesBuildPhase section */
		EBEC71432F171E2D002C49C8 /* Sources */ = {
			isa = PBXSourcesBuildPhase;
			buildActionMask = 2147483647;
			files = (
			);
			runOnlyForDeploymentPostprocessing = 0;
		};
		EBEC71512F171E32002C49C8 /* Sources */ = {
			isa = PBXSourcesBuildPhase;
			buildActionMask = 2147483647;
			files = (
			);
			runOnlyForDeploymentPostprocessing = 0;
		};
		EBEC715B2F171E32002C49C8 /* Sources */ = {
			isa = PBXSourcesBuildPhase;
			buildActionMask = 2147483647;
			files = (
			);
			runOnlyForDeploymentPostprocessing = 0;
		};
/* End PBXSourcesBuildPhase section */

/* Begin PBXTargetDependency section */
		EBEC71572F171E32002C49C8 /* PBXTargetDependency */ = {
			isa = PBXTargetDependency;
			target = EBEC71462F171E2D002C49C8 /* pinnote */;
			targetProxy = EBEC71562F171E32002C49C8 /* PBXContainerItemProxy */;
		};
		EBEC71612F171E32002C49C8 /* PBXTargetDependency */ = {
			isa = PBXTargetDependency;
			target = EBEC71462F171E2D002C49C8 /* pinnote */;
			targetProxy = EBEC71602F171E32002C49C8 /* PBXContainerItemProxy */;
		};
/* End PBXTargetDependency section */

/* Begin XCBuildConfiguration section */
		EBEC71672F171E32002C49C8 /* Debug */ = {
			isa = XCBuildConfiguration;
			buildSettings = {
				ALWAYS_SEARCH_USER_PATHS = NO;
				ASSETCATALOG_COMPILER_GENERATE_SWIFT_ASSET_SYMBOL_EXTENSIONS = YES;
				CLANG_ANALYZER_NONNULL = YES;
				CLANG_ANALYZER_NUMBER_OBJECT_CONVERSION = YES_AGGRESSIVE;
				CLANG_CXX_LANGUAGE_STANDARD = "gnu++20";
				CLANG_ENABLE_MODULES = YES;
				CLANG_ENABLE_OBJC_ARC = YES;
				CLANG_ENABLE_OBJC_WEAK = YES;
				CLANG_WARN_BLOCK_CAPTURE_AUTORELEASING = YES;
				CLANG_WARN_BOOL_CONVERSION = YES;
				CLANG_WARN_COMMA = YES;
				CLANG_WARN_CONSTANT_CONVERSION = YES;
				CLANG_WARN_DEPRECATED_OBJC_IMPLEMENTATIONS = YES;
				CLANG_WARN_DIRECT_OBJC_ISA_USAGE = YES_ERROR;
				CLANG_WARN_DOCUMENTATION_COMMENTS = YES;
				CLANG_WARN_EMPTY_BODY = YES;
				CLANG_WARN_ENUM_CONVERSION = YES;
				CLANG_WARN_INFINITE_RECURSION = YES;
				CLANG_WARN_INT_CONVERSION = YES;
				CLANG_WARN_NON_LITERAL_NULL_CONVERSION = YES;
				CLANG_WARN_OBJC_IMPLICIT_RETAIN_SELF = YES;
				CLANG_WARN_OBJC_LITERAL_CONVERSION = YES;
				CLANG_WARN_OBJC_ROOT_CLASS = YES_ERROR;
				CLANG_WARN_QUOTED_INCLUDE_IN_FRAMEWORK_HEADER = YES;
				CLANG_WARN_RANGE_LOOP_ANALYSIS = YES;
				CLANG_WARN_STRICT_PROTOTYPES = YES;
				CLANG_WARN_SUSPICIOUS_MOVE = YES;
				CLANG_WARN_UNGUARDED_AVAILABILITY = YES_AGGRESSIVE;
				CLANG_WARN_UNREACHABLE_CODE = YES;
				CLANG_WARN__DUPLICATE_METHOD_MATCH = YES;
				COPY_PHASE_STRIP = NO;
				DEBUG_INFORMATION_FORMAT = dwarf;
				DEVELOPMENT_TEAM = VK35QNP7P7;
				ENABLE_STRICT_OBJC_MSGSEND = YES;
				ENABLE_TESTABILITY = YES;
				ENABLE_USER_SCRIPT_SANDBOXING = YES;
				GCC_C_LANGUAGE_STANDARD = gnu17;
				GCC_DYNAMIC_NO_PIC = NO;
				GCC_NO_COMMON_BLOCKS = YES;
				GCC_OPTIMIZATION_LEVEL = 0;
				GCC_PREPROCESSOR_DEFINITIONS = (
					"DEBUG=1",
					"$(inherited)",
				);
				GCC_WARN_64_TO_32_BIT_CONVERSION = YES;
				GCC_WARN_ABOUT_RETURN_TYPE = YES_ERROR;
				GCC_WARN_UNDECLARED_SELECTOR = YES;
				GCC_WARN_UNINITIALIZED_AUTOS = YES_AGGRESSIVE;
				GCC_WARN_UNUSED_FUNCTION = YES;
				GCC_WARN_UNUSED_VARIABLE = YES;
				LOCALIZATION_PREFERS_STRING_CATALOGS = YES;
				MACOSX_DEPLOYMENT_TARGET = 15.4;
				MTL_ENABLE_DEBUG_INFO = INCLUDE_SOURCE;
				MTL_FAST_MATH = YES;
				ONLY_ACTIVE_ARCH = YES;
				SDKROOT = macosx;
				SWIFT_ACTIVE_COMPILATION_CONDITIONS = "DEBUG $(inherited)";
				SWIFT_OPTIMIZATION_LEVEL = "-Onone";
			};
			name = Debug;
		};
		EBEC71682F171E32002C49C8 /* Release */ = {
			isa = XCBuildConfiguration;
			buildSettings = {
				ALWAYS_SEARCH_USER_PATHS = NO;
				ASSETCATALOG_COMPILER_GENERATE_SWIFT_ASSET_SYMBOL_EXTENSIONS = YES;
				CLANG_ANALYZER_NONNULL = YES;
				CLANG_ANALYZER_NUMBER_OBJECT_CONVERSION = YES_AGGRESSIVE;
				CLANG_CXX_LANGUAGE_STANDARD = "gnu++20";
				CLANG_ENABLE_MODULES = YES;
				CLANG_ENABLE_OBJC_ARC = YES;
				CLANG_ENABLE_OBJC_WEAK = YES;
				CLANG_WARN_BLOCK_CAPTURE_AUTORELEASING = YES;
				CLANG_WARN_BOOL_CONVERSION = YES;
				CLANG_WARN_COMMA = YES;
				CLANG_WARN_CONSTANT_CONVERSION = YES;
				CLANG_WARN_DEPRECATED_OBJC_IMPLEMENTATIONS = YES;
				CLANG_WARN_DIRECT_OBJC_ISA_USAGE = YES_ERROR;
				CLANG_WARN_DOCUMENTATION_COMMENTS = YES;
				CLANG_WARN_EMPTY_BODY = YES;
				CLANG_WARN_ENUM_CONVERSION = YES;
				CLANG_WARN_INFINITE_RECURSION = YES;
				CLANG_WARN_INT_CONVERSION = YES;
				CLANG_WARN_NON_LITERAL_NULL_CONVERSION = YES;
				CLANG_WARN_OBJC_IMPLICIT_RETAIN_SELF = YES;
				CLANG_WARN_OBJC_LITERAL_CONVERSION = YES;
				CLANG_WARN_OBJC_ROOT_CLASS = YES_ERROR;
				CLANG_WARN_QUOTED_INCLUDE_IN_FRAMEWORK_HEADER = YES;
				CLANG_WARN_RANGE_LOOP_ANALYSIS = YES;
				CLANG_WARN_STRICT_PROTOTYPES = YES;
				CLANG_WARN_SUSPICIOUS_MOVE = YES;
				CLANG_WARN_UNGUARDED_AVAILABILITY = YES_AGGRESSIVE;
				CLANG_WARN_UNREACHABLE_CODE = YES;
				CLANG_WARN__DUPLICATE_METHOD_MATCH = YES;
				COPY_PHASE_STRIP = NO;
				DEBUG_INFORMATION_FORMAT = "dwarf-with-dsym";
				DEVELOPMENT_TEAM = VK35QNP7P7;
				ENABLE_NS_ASSERTIONS = NO;
				ENABLE_STRICT_OBJC_MSGSEND = YES;
				ENABLE_USER_SCRIPT_SANDBOXING = YES;
				GCC_C_LANGUAGE_STANDARD = gnu17;
				GCC_NO_COMMON_BLOCKS = YES;
				GCC_WARN_64_TO_32_BIT_CONVERSION = YES;
				GCC_WARN_ABOUT_RETURN_TYPE = YES_ERROR;
				GCC_WARN_UNDECLARED_SELECTOR = YES;
				GCC_WARN_UNINITIALIZED_AUTOS = YES_AGGRESSIVE;
				GCC_WARN_UNUSED_FUNCTION = YES;
				GCC_WARN_UNUSED_VARIABLE = YES;
				LOCALIZATION_PREFERS_STRING_CATALOGS = YES;
				MACOSX_DEPLOYMENT_TARGET = 15.4;
				MTL_ENABLE_DEBUG_INFO = NO;
				MTL_FAST_MATH = YES;
				SDKROOT = macosx;
				SWIFT_COMPILATION_MODE = wholemodule;
			};
			name = Release;
		};
		EBEC716A2F171E32002C49C8 /* Debug */ = {
			isa = XCBuildConfiguration;
			buildSettings = {
				ASSETCATALOG_COMPILER_APPICON_NAME = AppIcon;
				ASSETCATALOG_COMPILER_GLOBAL_ACCENT_COLOR_NAME = AccentColor;
				CODE_SIGN_ENTITLEMENTS = pinnote/pinnote.entitlements;
				CODE_SIGN_STYLE = Automatic;
				COMBINE_HIDPI_IMAGES = YES;
				CURRENT_PROJECT_VERSION = 1;
				DEVELOPMENT_TEAM = VK35QNP7P7;
				ENABLE_HARDENED_RUNTIME = YES;
				ENABLE_PREVIEWS = YES;
				GENERATE_INFOPLIST_FILE = YES;
				INFOPLIST_KEY_LSUIElement = YES;
				INFOPLIST_KEY_NSHumanReadableCopyright = "";
				LD_RUNPATH_SEARCH_PATHS = (
					"$(inherited)",
					"@executable_path/../Frameworks",
				);
				MARKETING_VERSION = 1.0;
				PRODUCT_BUNDLE_IDENTIFIER = com.outlook.zwmjohn.pinnote;
				PRODUCT_NAME = "$(TARGET_NAME)";
				REGISTER_APP_GROUPS = YES;
				SWIFT_EMIT_LOC_STRINGS = YES;
				SWIFT_VERSION = 5.0;
			};
			name = Debug;
		};
		EBEC716B2F171E32002C49C8 /* Release */ = {
			isa = XCBuildConfiguration;
			buildSettings = {
				ASSETCATALOG_COMPILER_APPICON_NAME = AppIcon;
				ASSETCATALOG_COMPILER_GLOBAL_ACCENT_COLOR_NAME = AccentColor;
				CODE_SIGN_ENTITLEMENTS = pinnote/pinnote.entitlements;
				CODE_SIGN_STYLE = Automatic;
				COMBINE_HIDPI_IMAGES = YES;
				CURRENT_PROJECT_VERSION = 1;
				DEVELOPMENT_TEAM = VK35QNP7P7;
				ENABLE_HARDENED_RUNTIME = YES;
				ENABLE_PREVIEWS = YES;
				GENERATE_INFOPLIST_FILE = YES;
				INFOPLIST_KEY_LSUIElement = YES;
				INFOPLIST_KEY_NSHumanReadableCopyright = "";
				LD_RUNPATH_SEARCH_PATHS = (
					"$(inherited)",
					"@executable_path/../Frameworks",
				);
				MARKETING_VERSION = 1.0;
				PRODUCT_BUNDLE_IDENTIFIER = com.outlook.zwmjohn.pinnote;
				PRODUCT_NAME = "$(TARGET_NAME)";
				REGISTER_APP_GROUPS = YES;
				SWIFT_EMIT_LOC_STRINGS = YES;
				SWIFT_VERSION = 5.0;
			};
			name = Release;
		};
		EBEC716D2F171E32002C49C8 /* Debug */ = {
			isa = XCBuildConfiguration;
			buildSettings = {
				BUNDLE_LOADER = "$(TEST_HOST)";
				CODE_SIGN_STYLE = Automatic;
				CURRENT_PROJECT_VERSION = 1;
				DEVELOPMENT_TEAM = VK35QNP7P7;
				GENERATE_INFOPLIST_FILE = YES;
				MACOSX_DEPLOYMENT_TARGET = 15.4;
				MARKETING_VERSION = 1.0;
				PRODUCT_BUNDLE_IDENTIFIER = com.outlook.zwmjohn.pinnoteTests;
				PRODUCT_NAME = "$(TARGET_NAME)";
				SWIFT_EMIT_LOC_STRINGS = NO;
				SWIFT_VERSION = 5.0;
				TEST_HOST = "$(BUILT_PRODUCTS_DIR)/pinnote.app/$(BUNDLE_EXECUTABLE_FOLDER_PATH)/pinnote";
			};
			name = Debug;
		};
		EBEC716E2F171E32002C49C8 /* Release */ = {
			isa = XCBuildConfiguration;
			buildSettings = {
				BUNDLE_LOADER = "$(TEST_HOST)";
				CODE_SIGN_STYLE = Automatic;
				CURRENT_PROJECT_VERSION = 1;
				DEVELOPMENT_TEAM = VK35QNP7P7;
				GENERATE_INFOPLIST_FILE = YES;
				MACOSX_DEPLOYMENT_TARGET = 15.4;
				MARKETING_VERSION = 1.0;
				PRODUCT_BUNDLE_IDENTIFIER = com.outlook.zwmjohn.pinnoteTests;
				PRODUCT_NAME = "$(TARGET_NAME)";
				SWIFT_EMIT_LOC_STRINGS = NO;
				SWIFT_VERSION = 5.0;
				TEST_HOST = "$(BUILT_PRODUCTS_DIR)/pinnote.app/$(BUNDLE_EXECUTABLE_FOLDER_PATH)/pinnote";
			};
			name = Release;
		};
		EBEC71702F171E32002C49C8 /* Debug */ = {
			isa = XCBuildConfiguration;
			buildSettings = {
				CODE_SIGN_STYLE = Automatic;
				CURRENT_PROJECT_VERSION = 1;
				DEVELOPMENT_TEAM = VK35QNP7P7;
				GENERATE_INFOPLIST_FILE = YES;
				MARKETING_VERSION = 1.0;
				PRODUCT_BUNDLE_IDENTIFIER = com.outlook.zwmjohn.pinnoteUITests;
				PRODUCT_NAME = "$(TARGET_NAME)";
				SWIFT_EMIT_LOC_STRINGS = NO;
				SWIFT_VERSION = 5.0;
				TEST_TARGET_NAME = pinnote;
			};
			name = Debug;
		};
		EBEC71712F171E32002C49C8 /* Release */ = {
			isa = XCBuildConfiguration;
			buildSettings = {
				CODE_SIGN_STYLE = Automatic;
				CURRENT_PROJECT_VERSION = 1;
				DEVELOPMENT_TEAM = VK35QNP7P7;
				GENERATE_INFOPLIST_FILE = YES;
				MARKETING_VERSION = 1.0;
				PRODUCT_BUNDLE_IDENTIFIER = com.outlook.zwmjohn.pinnoteUITests;
				PRODUCT_NAME = "$(TARGET_NAME)";
				SWIFT_EMIT_LOC_STRINGS = NO;
				SWIFT_VERSION = 5.0;
				TEST_TARGET_NAME = pinnote;
			};
			name = Release;
		};
/* End XCBuildConfiguration section */

/* Begin XCConfigurationList section */
		EBEC71422F171E2C002C49C8 /* Build configuration list for PBXProject "pinnote" */ = {
			isa = XCConfigurationList;
			buildConfigurations = (
				EBEC71672F171E32002C49C8 /* Debug */,
				EBEC71682F171E32002C49C8 /* Release */,
			);
			defaultConfigurationIsVisible = 0;
			defaultConfigurationName = Release;
		};
		EBEC71692F171E32002C49C8 /* Build configuration list for PBXNativeTarget "pinnote" */ = {
			isa = XCConfigurationList;
			buildConfigurations = (
				EBEC716A2F171E32002C49C8 /* Debug */,
				EBEC716B2F171E32002C49C8 /* Release */,
			);
			defaultConfigurationIsVisible = 0;
			defaultConfigurationName = Release;
		};
		EBEC716C2F171E32002C49C8 /* Build configuration list for PBXNativeTarget "pinnoteTests" */ = {
			isa = XCConfigurationList;
			buildConfigurations = (
				EBEC716D2F171E32002C49C8 /* Debug */,
				EBEC716E2F171E32002C49C8 /* Release */,
			);
			defaultConfigurationIsVisible = 0;
			defaultConfigurationName = Release;
		};
		EBEC716F2F171E32002C49C8 /* Build configuration list for PBXNativeTarget "pinnoteUITests" */ = {
			isa = XCConfigurationList;
			buildConfigurations = (
				EBEC71702F171E32002C49C8 /* Debug */,
				EBEC71712F171E32002C49C8 /* Release */,
			);
			defaultConfigurationIsVisible = 0;
			defaultConfigurationName = Release;
		};
/* End XCConfigurationList section */
	};
	rootObject = EBEC713F2F171E2C002C49C8 /* Project object */;
}
